
Microsoft Visual Studio Solution File, Format Version 12.00
# Visual Studio Version 16
VisualStudioVersion = 16.0.30611.23
MinimumVisualStudioVersion = 10.0.40219.1
Project("{FAE04EC0-301F-11D3-BF4B-00C04F79EFBC}") = "AppSettingsCors.WebApi", "AppSettingsCors.WebApi\AppSettingsCors.WebApi.csproj", "{6080F56B-7640-44DB-B1F1-4C53E610489B}"
EndProject
Project("{FAE04EC0-301F-11D3-BF4B-00C04F79EFBC}") = "AppSettingsCors.Web", "AppSettingsCors.Web\AppSettingsCors.Web.csproj", "{9D6F90A9-0D3E-4A50-B4D0-5773586FB761}"
EndProject
Global
	GlobalSection(SolutionConfigurationPlatforms) = preSolution
		Debug|Any CPU = Debug|Any CPU
		Release|Any CPU = Release|Any CPU
	EndGlobalSection
	GlobalSection(ProjectConfigurationPlatforms) = postSolution
		{6080F56B-7640-44DB-B1F1-4C53E610489B}.Debug|Any CPU.ActiveCfg = Debug|Any CPU
		{6080F56B-7640-44DB-B1F1-4C53E610489B}.Debug|Any CPU.Build.0 = Debug|Any CPU
		{6080F56B-7640-44DB-B1F1-4C53E610489B}.Release|Any CPU.ActiveCfg = Release|Any CPU
		{6080F56B-7640-44DB-B1F1-4C53E610489B}.Release|Any CPU.Build.0 = Release|Any CPU
		{9D6F90A9-0D3E-4A50-B4D0-5773586FB761}.Debug|Any CPU.ActiveCfg = Debug|Any CPU
		{9D6F90A9-0D3E-4A50-B4D0-5773586FB761}.Debug|Any CPU.Build.0 = Debug|Any CPU
		{9D6F90A9-0D3E-4A50-B4D0-5773586FB761}.Release|Any CPU.ActiveCfg = Release|Any CPU
		{9D6F90A9-0D3E-4A50-B4D0-5773586FB761}.Release|Any CPU.Build.0 = Release|Any CPU
	EndGlobalSection
	GlobalSection(SolutionProperties) = preSolution
		HideSolutionNode = FALSE
	EndGlobalSection
	GlobalSection(ExtensibilityGlobals) = postSolution
		SolutionGuid = {6D2FB807-B778-4259-8A20-4C301D3D47C2}
	EndGlobalSection
EndGlobal
